// !$*UTF8*$!
{
	archiveVersion = 1;
	classes = {
	};
	objectVersion = 55;
	objects = {

/* Begin PBXBuildFile section */
		3F741B4326FA211100677E08 /* Cardify.swift in Sources */ = {isa = PBXBuildFile; fileRef = 3F741B4226FA211100677E08 /* Cardify.swift */; };
		3F762B9126E912B3006B9E1A /* EmojiConcentrationGame.swift in Sources */ = {isa = PBXBuildFile; fileRef = 3F762B9026E912B3006B9E1A /* EmojiConcentrationGame.swift */; };
		3F762B9326E9171F006B9E1A /* ConcentrationGame.swift in Sources */ = {isa = PBXBuildFile; fileRef = 3F762B9226E9171F006B9E1A /* ConcentrationGame.swift */; };
		3F762B9526EA5139006B9E1A /* CardView.swift in Sources */ = {isa = PBXBuildFile; fileRef = 3F762B9426EA5139006B9E1A /* CardView.swift */; };
		3F762B9826EA5B9B006B9E1A /* Array+Identifiable.swift in Sources */ = {isa = PBXBuildFile; fileRef = 3F762B9726EA5B9B006B9E1A /* Array+Identifiable.swift */; };
		3F89774826FE884600867A9B /* AspectVGrid.swift in Sources */ = {isa = PBXBuildFile; fileRef = 3F89774726FE884600867A9B /* AspectVGrid.swift */; };
		3F89774C2705FCD100867A9B /* Theme.swift in Sources */ = {isa = PBXBuildFile; fileRef = 3F89774B2705FCD100867A9B /* Theme.swift */; };
		3F922BD826F53CBC006667D6 /* Array+Only.swift in Sources */ = {isa = PBXBuildFile; fileRef = 3F922BD726F53CBC006667D6 /* Array+Only.swift */; };
		3F958B5226F394CB005CDD7D /* Pie.swift in Sources */ = {isa = PBXBuildFile; fileRef = 3F958B5126F394CB005CDD7D /* Pie.swift */; };
		3FCF306626E7C6C500651770 /* ConcentrationApp.swift in Sources */ = {isa = PBXBuildFile; fileRef = 3FCF306526E7C6C500651770 /* ConcentrationApp.swift */; };
		3FCF306826E7C6C500651770 /* EmojiGameView.swift in Sources */ = {isa = PBXBuildFile; fileRef = 3FCF306726E7C6C500651770 /* EmojiGameView.swift */; };
		3FCF306A26E7C6C900651770 /* Assets.xcassets in Resources */ = {isa = PBXBuildFile; fileRef = 3FCF306926E7C6C900651770 /* Assets.xcassets */; };
		3FCF306D26E7C6C900651770 /* Preview Assets.xcassets in Resources */ = {isa = PBXBuildFile; fileRef = 3FCF306C26E7C6C900651770 /* Preview Assets.xcassets */; };
		7911CA5A27128A840062C0F5 /* TemplePregameMenu.swift in Sources */ = {isa = PBXBuildFile; fileRef = 7911CA5927128A840062C0F5 /* TemplePregameMenu.swift */; };
		794D5F732717442D00EE9F59 /* HighScores.swift in Sources */ = {isa = PBXBuildFile; fileRef = 794D5F722717442D00EE9F59 /* HighScores.swift */; };
		794D5F7527178B9100EE9F59 /* FlipAudio.swift in Sources */ = {isa = PBXBuildFile; fileRef = 794D5F7427178B9100EE9F59 /* FlipAudio.swift */; };
		794D5F7A27178F2F00EE9F59 /* Flip.mp3 in Resources */ = {isa = PBXBuildFile; fileRef = 794D5F7927178F2F00EE9F59 /* Flip.mp3 */; };
		794D5F7E2717947500EE9F59 /* CapsuleCountdown.swift in Sources */ = {isa = PBXBuildFile; fileRef = 794D5F7D2717947500EE9F59 /* CapsuleCountdown.swift */; };
		794D5F8027179F3D00EE9F59 /* Settings.swift in Sources */ = {isa = PBXBuildFile; fileRef = 794D5F7F27179F3D00EE9F59 /* Settings.swift */; };
		79EE7CB12710EBE100E38509 /* Menu.swift in Sources */ = {isa = PBXBuildFile; fileRef = 79EE7CB02710EBE100E38509 /* Menu.swift */; };
		79EE7CB32710ED1500E38509 /* EmojiPregameMenu.swift in Sources */ = {isa = PBXBuildFile; fileRef = 79EE7CB22710ED1500E38509 /* EmojiPregameMenu.swift */; };
/* End PBXBuildFile section */

/* Begin PBXFileReference section */
		3F741B4226FA211100677E08 /* Cardify.swift */ = {isa = PBXFileReference; lastKnownFileType = sourcecode.swift; path = Cardify.swift; sourceTree = "<group>"; };
		3F762B9026E912B3006B9E1A /* EmojiConcentrationGame.swift */ = {isa = PBXFileReference; lastKnownFileType = sourcecode.swift; path = EmojiConcentrationGame.swift; sourceTree = "<group>"; };
		3F762B9226E9171F006B9E1A /* ConcentrationGame.swift */ = {isa = PBXFileReference; lastKnownFileType = sourcecode.swift; path = ConcentrationGame.swift; sourceTree = "<group>"; };
		3F762B9426EA5139006B9E1A /* CardView.swift */ = {isa = PBXFileReference; lastKnownFileType = sourcecode.swift; path = CardView.swift; sourceTree = "<group>"; };
		3F762B9726EA5B9B006B9E1A /* Array+Identifiable.swift */ = {isa = PBXFileReference; lastKnownFileType = sourcecode.swift; path = "Array+Identifiable.swift"; sourceTree = "<group>"; };
		3F89774726FE884600867A9B /* AspectVGrid.swift */ = {isa = PBXFileReference; lastKnownFileType = sourcecode.swift; path = AspectVGrid.swift; sourceTree = "<group>"; };
		3F89774B2705FCD100867A9B /* Theme.swift */ = {isa = PBXFileReference; lastKnownFileType = sourcecode.swift; path = Theme.swift; sourceTree = "<group>"; };
		3F922BD726F53CBC006667D6 /* Array+Only.swift */ = {isa = PBXFileReference; lastKnownFileType = sourcecode.swift; path = "Array+Only.swift"; sourceTree = "<group>"; };
		3F958B5126F394CB005CDD7D /* Pie.swift */ = {isa = PBXFileReference; lastKnownFileType = sourcecode.swift; path = Pie.swift; sourceTree = "<group>"; };
		3FCF306226E7C6C500651770 /* Concentration.app */ = {isa = PBXFileReference; explicitFileType = wrapper.application; includeInIndex = 0; path = Concentration.app; sourceTree = BUILT_PRODUCTS_DIR; };
		3FCF306526E7C6C500651770 /* ConcentrationApp.swift */ = {isa = PBXFileReference; lastKnownFileType = sourcecode.swift; path = ConcentrationApp.swift; sourceTree = "<group>"; };
		3FCF306726E7C6C500651770 /* EmojiGameView.swift */ = {isa = PBXFileReference; lastKnownFileType = sourcecode.swift; path = EmojiGameView.swift; sourceTree = "<group>"; };
		3FCF306926E7C6C900651770 /* Assets.xcassets */ = {isa = PBXFileReference; lastKnownFileType = folder.assetcatalog; path = Assets.xcassets; sourceTree = "<group>"; };
		3FCF306C26E7C6C900651770 /* Preview Assets.xcassets */ = {isa = PBXFileReference; lastKnownFileType = folder.assetcatalog; path = "Preview Assets.xcassets"; sourceTree = "<group>"; };
		7911CA5927128A840062C0F5 /* TemplePregameMenu.swift */ = {isa = PBXFileReference; lastKnownFileType = sourcecode.swift; path = TemplePregameMenu.swift; sourceTree = "<group>"; };
		794D5F722717442D00EE9F59 /* HighScores.swift */ = {isa = PBXFileReference; lastKnownFileType = sourcecode.swift; path = HighScores.swift; sourceTree = "<group>"; };
		794D5F7427178B9100EE9F59 /* FlipAudio.swift */ = {isa = PBXFileReference; lastKnownFileType = sourcecode.swift; path = FlipAudio.swift; sourceTree = "<group>"; };
		794D5F7927178F2F00EE9F59 /* Flip.mp3 */ = {isa = PBXFileReference; lastKnownFileType = audio.mp3; path = Flip.mp3; sourceTree = "<group>"; };
		794D5F7D2717947500EE9F59 /* CapsuleCountdown.swift */ = {isa = PBXFileReference; lastKnownFileType = sourcecode.swift; path = CapsuleCountdown.swift; sourceTree = "<group>"; };
		794D5F7F27179F3D00EE9F59 /* Settings.swift */ = {isa = PBXFileReference; lastKnownFileType = sourcecode.swift; path = Settings.swift; sourceTree = "<group>"; };
		79EE7CB02710EBE100E38509 /* Menu.swift */ = {isa = PBXFileReference; lastKnownFileType = sourcecode.swift; path = Menu.swift; sourceTree = "<group>"; };
		79EE7CB22710ED1500E38509 /* EmojiPregameMenu.swift */ = {isa = PBXFileReference; lastKnownFileType = sourcecode.swift; path = EmojiPregameMenu.swift; sourceTree = "<group>"; };
/* End PBXFileReference section */

/* Begin PBXFrameworksBuildPhase section */
		3FCF305F26E7C6C500651770 /* Frameworks */ = {
			isa = PBXFrameworksBuildPhase;
			buildActionMask = 2147483647;
			files = (
			);
			runOnlyForDeploymentPostprocessing = 0;
		};
/* End PBXFrameworksBuildPhase section */

/* Begin PBXGroup section */
		3F762B8D26E91284006B9E1A /* ViewModel */ = {
			isa = PBXGroup;
			children = (
				3F762B9026E912B3006B9E1A /* EmojiConcentrationGame.swift */,
			);
			name = ViewModel;
			sourceTree = "<group>";
		};
		3F762B8E26E9128D006B9E1A /* View */ = {
			isa = PBXGroup;
			children = (
				3F89774726FE884600867A9B /* AspectVGrid.swift */,
				3F741B4226FA211100677E08 /* Cardify.swift */,
				3F762B9426EA5139006B9E1A /* CardView.swift */,
				3FCF306526E7C6C500651770 /* ConcentrationApp.swift */,
				3FCF306726E7C6C500651770 /* EmojiGameView.swift */,
				3F958B5126F394CB005CDD7D /* Pie.swift */,
				79EE7CB02710EBE100E38509 /* Menu.swift */,
				79EE7CB22710ED1500E38509 /* EmojiPregameMenu.swift */,
				7911CA5927128A840062C0F5 /* TemplePregameMenu.swift */,
				794D5F722717442D00EE9F59 /* HighScores.swift */,
				794D5F7D2717947500EE9F59 /* CapsuleCountdown.swift */,
				794D5F7F27179F3D00EE9F59 /* Settings.swift */,
			);
			name = View;
			sourceTree = "<group>";
		};
		3F762B8F26E91296006B9E1A /* Model */ = {
			isa = PBXGroup;
			children = (
				3F762B9226E9171F006B9E1A /* ConcentrationGame.swift */,
				3F89774B2705FCD100867A9B /* Theme.swift */,
			);
			name = Model;
			sourceTree = "<group>";
		};
		3F762B9626EA5B7A006B9E1A /* Utility */ = {
			isa = PBXGroup;
			children = (
				3F762B9726EA5B9B006B9E1A /* Array+Identifiable.swift */,
				3F922BD726F53CBC006667D6 /* Array+Only.swift */,
				794D5F7427178B9100EE9F59 /* FlipAudio.swift */,
			);
			name = Utility;
			sourceTree = "<group>";
		};
		3FCF305926E7C6C500651770 = {
			isa = PBXGroup;
			children = (
				3FCF306426E7C6C500651770 /* Concentration */,
				3FCF306326E7C6C500651770 /* Products */,
			);
			sourceTree = "<group>";
		};
		3FCF306326E7C6C500651770 /* Products */ = {
			isa = PBXGroup;
			children = (
				3FCF306226E7C6C500651770 /* Concentration.app */,
			);
			name = Products;
			sourceTree = "<group>";
		};
		3FCF306426E7C6C500651770 /* Concentration */ = {
			isa = PBXGroup;
			children = (
				794D5F7627178D8300EE9F59 /* Audio */,
				3F762B8F26E91296006B9E1A /* Model */,
				3F762B8E26E9128D006B9E1A /* View */,
				3F762B8D26E91284006B9E1A /* ViewModel */,
				3F762B9626EA5B7A006B9E1A /* Utility */,
				3FCF306926E7C6C900651770 /* Assets.xcassets */,
				3FCF306B26E7C6C900651770 /* Preview Content */,
			);
			path = Concentration;
			sourceTree = "<group>";
		};
		3FCF306B26E7C6C900651770 /* Preview Content */ = {
			isa = PBXGroup;
			children = (
				3FCF306C26E7C6C900651770 /* Preview Assets.xcassets */,
			);
			path = "Preview Content";
			sourceTree = "<group>";
		};
		794D5F7627178D8300EE9F59 /* Audio */ = {
			isa = PBXGroup;
			children = (
				794D5F7927178F2F00EE9F59 /* Flip.mp3 */,
			);
			name = Audio;
			sourceTree = "<group>";
		};
/* End PBXGroup section */

/* Begin PBXNativeTarget section */
		3FCF306126E7C6C500651770 /* Concentration */ = {
			isa = PBXNativeTarget;
			buildConfigurationList = 3FCF307026E7C6C900651770 /* Build configuration list for PBXNativeTarget "Concentration" */;
			buildPhases = (
				3FCF305E26E7C6C500651770 /* Sources */,
				3FCF305F26E7C6C500651770 /* Frameworks */,
				3FCF306026E7C6C500651770 /* Resources */,
			);
			buildRules = (
			);
			dependencies = (
			);
			name = Concentration;
			productName = Concentration;
			productReference = 3FCF306226E7C6C500651770 /* Concentration.app */;
			productType = "com.apple.product-type.application";
		};
/* End PBXNativeTarget section */

/* Begin PBXProject section */
		3FCF305A26E7C6C500651770 /* Project object */ = {
			isa = PBXProject;
			attributes = {
				BuildIndependentTargetsInParallel = 1;
				LastSwiftUpdateCheck = 1300;
				LastUpgradeCheck = 1300;
				TargetAttributes = {
					3FCF306126E7C6C500651770 = {
						CreatedOnToolsVersion = 13.0;
					};
				};
			};
			buildConfigurationList = 3FCF305D26E7C6C500651770 /* Build configuration list for PBXProject "Concentration" */;
			compatibilityVersion = "Xcode 13.0";
			developmentRegion = en;
			hasScannedForEncodings = 0;
			knownRegions = (
				en,
				Base,
			);
			mainGroup = 3FCF305926E7C6C500651770;
			productRefGroup = 3FCF306326E7C6C500651770 /* Products */;
			projectDirPath = "";
			projectRoot = "";
			targets = (
				3FCF306126E7C6C500651770 /* Concentration */,
			);
		};
/* End PBXProject section */

/* Begin PBXResourcesBuildPhase section */
		3FCF306026E7C6C500651770 /* Resources */ = {
			isa = PBXResourcesBuildPhase;
			buildActionMask = 2147483647;
			files = (
				794D5F7A27178F2F00EE9F59 /* Flip.mp3 in Resources */,
				3FCF306D26E7C6C900651770 /* Preview Assets.xcassets in Resources */,
				3FCF306A26E7C6C900651770 /* Assets.xcassets in Resources */,
			);
			runOnlyForDeploymentPostprocessing = 0;
		};
/* End PBXResourcesBuildPhase section */

/* Begin PBXSourcesBuildPhase section */
		3FCF305E26E7C6C500651770 /* Sources */ = {
			isa = PBXSourcesBuildPhase;
			buildActionMask = 2147483647;
			files = (
				794D5F7E2717947500EE9F59 /* CapsuleCountdown.swift in Sources */,
				3FCF306826E7C6C500651770 /* EmojiGameView.swift in Sources */,
				3FCF306626E7C6C500651770 /* ConcentrationApp.swift in Sources */,
				3F762B9126E912B3006B9E1A /* EmojiConcentrationGame.swift in Sources */,
				7911CA5A27128A840062C0F5 /* TemplePregameMenu.swift in Sources */,
				3F741B4326FA211100677E08 /* Cardify.swift in Sources */,
				794D5F8027179F3D00EE9F59 /* Settings.swift in Sources */,
				3F89774C2705FCD100867A9B /* Theme.swift in Sources */,
				3F762B9326E9171F006B9E1A /* ConcentrationGame.swift in Sources */,
				794D5F7527178B9100EE9F59 /* FlipAudio.swift in Sources */,
				794D5F732717442D00EE9F59 /* HighScores.swift in Sources */,
				79EE7CB12710EBE100E38509 /* Menu.swift in Sources */,
				3F958B5226F394CB005CDD7D /* Pie.swift in Sources */,
				3F762B9826EA5B9B006B9E1A /* Array+Identifiable.swift in Sources */,
				79EE7CB32710ED1500E38509 /* EmojiPregameMenu.swift in Sources */,
				3F762B9526EA5139006B9E1A /* CardView.swift in Sources */,
				3F89774826FE884600867A9B /* AspectVGrid.swift in Sources */,
				3F922BD826F53CBC006667D6 /* Array+Only.swift in Sources */,
			);
			runOnlyForDeploymentPostprocessing = 0;
		};
/* End PBXSourcesBuildPhase section */

/* Begin XCBuildConfiguration section */
		3FCF306E26E7C6C900651770 /* Debug */ = {
			isa = XCBuildConfiguration;
			buildSettings = {
				ALWAYS_SEARCH_USER_PATHS = NO;
				CLANG_ANALYZER_NONNULL = YES;
				CLANG_ANALYZER_NUMBER_OBJECT_CONVERSION = YES_AGGRESSIVE;
				CLANG_CXX_LANGUAGE_STANDARD = "gnu++17";
				CLANG_CXX_LIBRARY = "libc++";
				CLANG_ENABLE_MODULES = YES;
				CLANG_ENABLE_OBJC_ARC = YES;
				CLANG_ENABLE_OBJC_WEAK = YES;
				CLANG_WARN_BLOCK_CAPTURE_AUTORELEASING = YES;
				CLANG_WARN_BOOL_CONVERSION = YES;
				CLANG_WARN_COMMA = YES;
				CLANG_WARN_CONSTANT_CONVERSION = YES;
				CLANG_WARN_DEPRECATED_OBJC_IMPLEMENTATIONS = YES;
				CLANG_WARN_DIRECT_OBJC_ISA_USAGE = YES_ERROR;
				CLANG_WARN_DOCUMENTATION_COMMENTS = YES;
				CLANG_WARN_EMPTY_BODY = YES;
				CLANG_WARN_ENUM_CONVERSION = YES;
				CLANG_WARN_INFINITE_RECURSION = YES;
				CLANG_WARN_INT_CONVERSION = YES;
				CLANG_WARN_NON_LITERAL_NULL_CONVERSION = YES;
				CLANG_WARN_OBJC_IMPLICIT_RETAIN_SELF = YES;
				CLANG_WARN_OBJC_LITERAL_CONVERSION = YES;
				CLANG_WARN_OBJC_ROOT_CLASS = YES_ERROR;
				CLANG_WARN_QUOTED_INCLUDE_IN_FRAMEWORK_HEADER = YES;
				CLANG_WARN_RANGE_LOOP_ANALYSIS = YES;
				CLANG_WARN_STRICT_PROTOTYPES = YES;
				CLANG_WARN_SUSPICIOUS_MOVE = YES;
				CLANG_WARN_UNGUARDED_AVAILABILITY = YES_AGGRESSIVE;
				CLANG_WARN_UNREACHABLE_CODE = YES;
				CLANG_WARN__DUPLICATE_METHOD_MATCH = YES;
				COPY_PHASE_STRIP = NO;
				DEBUG_INFORMATION_FORMAT = dwarf;
				ENABLE_STRICT_OBJC_MSGSEND = YES;
				ENABLE_TESTABILITY = YES;
				GCC_C_LANGUAGE_STANDARD = gnu11;
				GCC_DYNAMIC_NO_PIC = NO;
				GCC_NO_COMMON_BLOCKS = YES;
				GCC_OPTIMIZATION_LEVEL = 0;
				GCC_PREPROCESSOR_DEFINITIONS = (
					"DEBUG=1",
					"$(inherited)",
				);
				GCC_WARN_64_TO_32_BIT_CONVERSION = YES;
				GCC_WARN_ABOUT_RETURN_TYPE = YES_ERROR;
				GCC_WARN_UNDECLARED_SELECTOR = YES;
				GCC_WARN_UNINITIALIZED_AUTOS = YES_AGGRESSIVE;
				GCC_WARN_UNUSED_FUNCTION = YES;
				GCC_WARN_UNUSED_VARIABLE = YES;
				IPHONEOS_DEPLOYMENT_TARGET = 15.0;
				MTL_ENABLE_DEBUG_INFO = INCLUDE_SOURCE;
				MTL_FAST_MATH = YES;
				ONLY_ACTIVE_ARCH = YES;
				SDKROOT = iphoneos;
				SWIFT_ACTIVE_COMPILATION_CONDITIONS = DEBUG;
				SWIFT_OPTIMIZATION_LEVEL = "-Onone";
			};
			name = Debug;
		};
		3FCF306F26E7C6C900651770 /* Release */ = {
			isa = XCBuildConfiguration;
			buildSettings = {
				ALWAYS_SEARCH_USER_PATHS = NO;
				CLANG_ANALYZER_NONNULL = YES;
				CLANG_ANALYZER_NUMBER_OBJECT_CONVERSION = YES_AGGRESSIVE;
				CLANG_CXX_LANGUAGE_STANDARD = "gnu++17";
				CLANG_CXX_LIBRARY = "libc++";
				CLANG_ENABLE_MODULES = YES;
				CLANG_ENABLE_OBJC_ARC = YES;
				CLANG_ENABLE_OBJC_WEAK = YES;
				CLANG_WARN_BLOCK_CAPTURE_AUTORELEASING = YES;
				CLANG_WARN_BOOL_CONVERSION = YES;
				CLANG_WARN_COMMA = YES;
				CLANG_WARN_CONSTANT_CONVERSION = YES;
				CLANG_WARN_DEPRECATED_OBJC_IMPLEMENTATIONS = YES;
				CLANG_WARN_DIRECT_OBJC_ISA_USAGE = YES_ERROR;
				CLANG_WARN_DOCUMENTATION_COMMENTS = YES;
				CLANG_WARN_EMPTY_BODY = YES;
				CLANG_WARN_ENUM_CONVERSION = YES;
				CLANG_WARN_INFINITE_RECURSION = YES;
				CLANG_WARN_INT_CONVERSION = YES;
				CLANG_WARN_NON_LITERAL_NULL_CONVERSION = YES;
				CLANG_WARN_OBJC_IMPLICIT_RETAIN_SELF = YES;
				CLANG_WARN_OBJC_LITERAL_CONVERSION = YES;
				CLANG_WARN_OBJC_ROOT_CLASS = YES_ERROR;
				CLANG_WARN_QUOTED_INCLUDE_IN_FRAMEWORK_HEADER = YES;
				CLANG_WARN_RANGE_LOOP_ANALYSIS = YES;
				CLANG_WARN_STRICT_PROTOTYPES = YES;
				CLANG_WARN_SUSPICIOUS_MOVE = YES;
				CLANG_WARN_UNGUARDED_AVAILABILITY = YES_AGGRESSIVE;
				CLANG_WARN_UNREACHABLE_CODE = YES;
				CLANG_WARN__DUPLICATE_METHOD_MATCH = YES;
				COPY_PHASE_STRIP = NO;
				DEBUG_INFORMATION_FORMAT = "dwarf-with-dsym";
				ENABLE_NS_ASSERTIONS = NO;
				ENABLE_STRICT_OBJC_MSGSEND = YES;
				GCC_C_LANGUAGE_STANDARD = gnu11;
				GCC_NO_COMMON_BLOCKS = YES;
				GCC_WARN_64_TO_32_BIT_CONVERSION = YES;
				GCC_WARN_ABOUT_RETURN_TYPE = YES_ERROR;
				GCC_WARN_UNDECLARED_SELECTOR = YES;
				GCC_WARN_UNINITIALIZED_AUTOS = YES_AGGRESSIVE;
				GCC_WARN_UNUSED_FUNCTION = YES;
				GCC_WARN_UNUSED_VARIABLE = YES;
				IPHONEOS_DEPLOYMENT_TARGET = 15.0;
				MTL_ENABLE_DEBUG_INFO = NO;
				MTL_FAST_MATH = YES;
				SDKROOT = iphoneos;
				SWIFT_COMPILATION_MODE = wholemodule;
				SWIFT_OPTIMIZATION_LEVEL = "-O";
				VALIDATE_PRODUCT = YES;
			};
			name = Release;
		};
		3FCF307126E7C6C900651770 /* Debug */ = {
			isa = XCBuildConfiguration;
			buildSettings = {
				ASSETCATALOG_COMPILER_APPICON_NAME = AppIcon;
				ASSETCATALOG_COMPILER_GLOBAL_ACCENT_COLOR_NAME = AccentColor;
				CODE_SIGN_STYLE = Automatic;
				CURRENT_PROJECT_VERSION = 1;
				DEVELOPMENT_ASSET_PATHS = "\"Concentration/Preview Content\"";
				DEVELOPMENT_TEAM = KFPSLPBU25;
				ENABLE_PREVIEWS = YES;
				GENERATE_INFOPLIST_FILE = YES;
				INFOPLIST_KEY_UIApplicationSceneManifest_Generation = YES;
				INFOPLIST_KEY_UIApplicationSupportsIndirectInputEvents = YES;
				INFOPLIST_KEY_UILaunchScreen_Generation = YES;
				INFOPLIST_KEY_UISupportedInterfaceOrientations_iPad = "UIInterfaceOrientationPortrait UIInterfaceOrientationPortraitUpsideDown UIInterfaceOrientationLandscapeLeft UIInterfaceOrientationLandscapeRight";
				INFOPLIST_KEY_UISupportedInterfaceOrientations_iPhone = "UIInterfaceOrientationPortrait UIInterfaceOrientationLandscapeLeft UIInterfaceOrientationLandscapeRight";
				IPHONEOS_DEPLOYMENT_TARGET = 15.0;
				LD_RUNPATH_SEARCH_PATHS = (
					"$(inherited)",
					"@executable_path/Frameworks",
				);
				MARKETING_VERSION = 1.0;
				PRODUCT_BUNDLE_IDENTIFIER = edu.byu.is543.Concentration;
				PRODUCT_NAME = Concentration;
				SWIFT_EMIT_LOC_STRINGS = YES;
				SWIFT_VERSION = 5.0;
				TARGETED_DEVICE_FAMILY = "1,2";
			};
			name = Debug;
		};
		3FCF307226E7C6C900651770 /* Release */ = {
			isa = XCBuildConfiguration;
			buildSettings = {
				ASSETCATALOG_COMPILER_APPICON_NAME = AppIcon;
				ASSETCATALOG_COMPILER_GLOBAL_ACCENT_COLOR_NAME = AccentColor;
				CODE_SIGN_STYLE = Automatic;
				CURRENT_PROJECT_VERSION = 1;
				DEVELOPMENT_ASSET_PATHS = "\"Concentration/Preview Content\"";
				DEVELOPMENT_TEAM = KFPSLPBU25;
				ENABLE_PREVIEWS = YES;
				GENERATE_INFOPLIST_FILE = YES;
				INFOPLIST_KEY_UIApplicationSceneManifest_Generation = YES;
				INFOPLIST_KEY_UIApplicationSupportsIndirectInputEvents = YES;
				INFOPLIST_KEY_UILaunchScreen_Generation = YES;
				INFOPLIST_KEY_UISupportedInterfaceOrientations_iPad = "UIInterfaceOrientationPortrait UIInterfaceOrientationPortraitUpsideDown UIInterfaceOrientationLandscapeLeft UIInterfaceOrientationLandscapeRight";
				INFOPLIST_KEY_UISupportedInterfaceOrientations_iPhone = "UIInterfaceOrientationPortrait UIInterfaceOrientationLandscapeLeft UIInterfaceOrientationLandscapeRight";
				IPHONEOS_DEPLOYMENT_TARGET = 15.0;
				LD_RUNPATH_SEARCH_PATHS = (
					"$(inherited)",
					"@executable_path/Frameworks",
				);
				MARKETING_VERSION = 1.0;
				PRODUCT_BUNDLE_IDENTIFIER = edu.byu.is543.Concentration;
				PRODUCT_NAME = Concentration;
				SWIFT_EMIT_LOC_STRINGS = YES;
				SWIFT_VERSION = 5.0;
				TARGETED_DEVICE_FAMILY = "1,2";
			};
			name = Release;
		};
/* End XCBuildConfiguration section */

/* Begin XCConfigurationList section */
		3FCF305D26E7C6C500651770 /* Build configuration list for PBXProject "Concentration" */ = {
			isa = XCConfigurationList;
			buildConfigurations = (
				3FCF306E26E7C6C900651770 /* Debug */,
				3FCF306F26E7C6C900651770 /* Release */,
			);
			defaultConfigurationIsVisible = 0;
			defaultConfigurationName = Release;
		};
		3FCF307026E7C6C900651770 /* Build configuration list for PBXNativeTarget "Concentration" */ = {
			isa = XCConfigurationList;
			buildConfigurations = (
				3FCF307126E7C6C900651770 /* Debug */,
				3FCF307226E7C6C900651770 /* Release */,
			);
			defaultConfigurationIsVisible = 0;
			defaultConfigurationName = Release;
		};
/* End XCConfigurationList section */
	};
	rootObject = 3FCF305A26E7C6C500651770 /* Project object */;
}
